// !$*UTF8*$!
{
	archiveVersion = 1;
	classes = {
	};
	objectVersion = 46;
	objects = {

/* Begin PBXBuildFile section */
		8E6A8DD81EC19B3000F170C4 /* main.cpp in Sources */ = {isa = PBXBuildFile; fileRef = 8E6A8DD71EC19B3000F170C4 /* main.cpp */; };
		8E6A8DE01EC19B7200F170C4 /* SymEnc.cpp in Sources */ = {isa = PBXBuildFile; fileRef = 8E6A8DDE1EC19B7200F170C4 /* SymEnc.cpp */; };
/* End PBXBuildFile section */

/* Begin PBXCopyFilesBuildPhase section */
		8E6A8DD21EC19B3000F170C4 /* CopyFiles */ = {
			isa = PBXCopyFilesBuildPhase;
			buildActionMask = 2147483647;
			dstPath = /usr/share/man/man1/;
			dstSubfolderSpec = 0;
			files = (
			);
			runOnlyForDeploymentPostprocessing = 1;
		};
/* End PBXCopyFilesBuildPhase section */

/* Begin PBXFileReference section */
		8E6A8DD41EC19B3000F170C4 /* SaDS6_2 */ = {isa = PBXFileReference; explicitFileType = "compiled.mach-o.executable"; includeInIndex = 0; path = SaDS6_2; sourceTree = BUILT_PRODUCTS_DIR; };
		8E6A8DD71EC19B3000F170C4 /* main.cpp */ = {isa = PBXFileReference; lastKnownFileType = sourcecode.cpp.cpp; path = main.cpp; sourceTree = "<group>"; };
		8E6A8DDE1EC19B7200F170C4 /* SymEnc.cpp */ = {isa = PBXFileReference; fileEncoding = 4; lastKnownFileType = sourcecode.cpp.cpp; path = SymEnc.cpp; sourceTree = "<group>"; };
		8E6A8DDF1EC19B7200F170C4 /* SymEnc.h */ = {isa = PBXFileReference; fileEncoding = 4; lastKnownFileType = sourcecode.c.h; path = SymEnc.h; sourceTree = "<group>"; };
/* End PBXFileReference section */

/* Begin PBXFrameworksBuildPhase section */
		8E6A8DD11EC19B3000F170C4 /* Frameworks */ = {
			isa = PBXFrameworksBuildPhase;
			buildActionMask = 2147483647;
			files = (
			);
			runOnlyForDeploymentPostprocessing = 0;
		};
/* End PBXFrameworksBuildPhase section */

/* Begin PBXGroup section */
		8E6A8DCB1EC19B3000F170C4 = {
			isa = PBXGroup;
			children = (
				8E6A8DD61EC19B3000F170C4 /* SaDS6_2 */,
				8E6A8DD51EC19B3000F170C4 /* Products */,
			);
			sourceTree = "<group>";
		};
		8E6A8DD51EC19B3000F170C4 /* Products */ = {
			isa = PBXGroup;
			children = (
				8E6A8DD41EC19B3000F170C4 /* SaDS6_2 */,
			);
			name = Products;
			sourceTree = "<group>";
		};
		8E6A8DD61EC19B3000F170C4 /* SaDS6_2 */ = {
			isa = PBXGroup;
			children = (
				8E6A8DD71EC19B3000F170C4 /* main.cpp */,
				8E6A8DDE1EC19B7200F170C4 /* SymEnc.cpp */,
				8E6A8DDF1EC19B7200F170C4 /* SymEnc.h */,
			);
			path = SaDS6_2;
			sourceTree = "<group>";
		};
/* End PBXGroup section */

/* Begin PBXNativeTarget section */
		8E6A8DD31EC19B3000F170C4 /* SaDS6_2 */ = {
			isa = PBXNativeTarget;
			buildConfigurationList = 8E6A8DDB1EC19B3000F170C4 /* Build configuration list for PBXNativeTarget "SaDS6_2" */;
			buildPhases = (
				8E6A8DD01EC19B3000F170C4 /* Sources */,
				8E6A8DD11EC19B3000F170C4 /* Frameworks */,
				8E6A8DD21EC19B3000F170C4 /* CopyFiles */,
			);
			buildRules = (
			);
			dependencies = (
			);
			name = SaDS6_2;
			productName = SaDS6_2;
			productReference = 8E6A8DD41EC19B3000F170C4 /* SaDS6_2 */;
			productType = "com.apple.product-type.tool";
		};
/* End PBXNativeTarget section */

/* Begin PBXProject section */
		8E6A8DCC1EC19B3000F170C4 /* Project object */ = {
			isa = PBXProject;
			attributes = {
				LastUpgradeCheck = 0800;
				ORGANIZATIONNAME = "Taha Zia";
				TargetAttributes = {
					8E6A8DD31EC19B3000F170C4 = {
						CreatedOnToolsVersion = 8.0;
						ProvisioningStyle = Automatic;
					};
				};
			};
			buildConfigurationList = 8E6A8DCF1EC19B3000F170C4 /* Build configuration list for PBXProject "SaDS6_2" */;
			compatibilityVersion = "Xcode 3.2";
			developmentRegion = English;
			hasScannedForEncodings = 0;
			knownRegions = (
				en,
			);
			mainGroup = 8E6A8DCB1EC19B3000F170C4;
			productRefGroup = 8E6A8DD51EC19B3000F170C4 /* Products */;
			projectDirPath = "";
			projectRoot = "";
			targets = (
				8E6A8DD31EC19B3000F170C4 /* SaDS6_2 */,
			);
		};
/* End PBXProject section */

/* Begin PBXSourcesBuildPhase section */
		8E6A8DD01EC19B3000F170C4 /* Sources */ = {
			isa = PBXSourcesBuildPhase;
			buildActionMask = 2147483647;
			files = (
				8E6A8DE01EC19B7200F170C4 /* SymEnc.cpp in Sources */,
				8E6A8DD81EC19B3000F170C4 /* main.cpp in Sources */,
			);
			runOnlyForDeploymentPostprocessing = 0;
		};
/* End PBXSourcesBuildPhase section */

/* Begin XCBuildConfiguration section */
		8E6A8DD91EC19B3000F170C4 /* Debug */ = {
			isa = XCBuildConfiguration;
			buildSettings = {
				ALWAYS_SEARCH_USER_PATHS = NO;
				CLANG_ANALYZER_NONNULL = YES;
				CLANG_CXX_LANGUAGE_STANDARD = "gnu++0x";
				CLANG_CXX_LIBRARY = "libc++";
				CLANG_ENABLE_MODULES = YES;
				CLANG_ENABLE_OBJC_ARC = YES;
				CLANG_WARN_BOOL_CONVERSION = YES;
				CLANG_WARN_CONSTANT_CONVERSION = YES;
				CLANG_WARN_DIRECT_OBJC_ISA_USAGE = YES_ERROR;
				CLANG_WARN_DOCUMENTATION_COMMENTS = YES;
				CLANG_WARN_EMPTY_BODY = YES;
				CLANG_WARN_ENUM_CONVERSION = YES;
				CLANG_WARN_INFINITE_RECURSION = YES;
				CLANG_WARN_INT_CONVERSION = YES;
				CLANG_WARN_OBJC_ROOT_CLASS = YES_ERROR;
				CLANG_WARN_SUSPICIOUS_MOVES = YES;
				CLANG_WARN_UNREACHABLE_CODE = YES;
				CLANG_WARN__DUPLICATE_METHOD_MATCH = YES;
				CODE_SIGN_IDENTITY = "-";
				COPY_PHASE_STRIP = NO;
				DEBUG_INFORMATION_FORMAT = dwarf;
				ENABLE_STRICT_OBJC_MSGSEND = YES;
				ENABLE_TESTABILITY = YES;
				GCC_C_LANGUAGE_STANDARD = gnu99;
				GCC_DYNAMIC_NO_PIC = NO;
				GCC_NO_COMMON_BLOCKS = YES;
				GCC_OPTIMIZATION_LEVEL = 0;
				GCC_PREPROCESSOR_DEFINITIONS = (
					"DEBUG=1",
					"$(inherited)",
				);
				GCC_WARN_64_TO_32_BIT_CONVERSION = YES;
				GCC_WARN_ABOUT_RETURN_TYPE = YES_ERROR;
				GCC_WARN_UNDECLARED_SELECTOR = YES;
				GCC_WARN_UNINITIALIZED_AUTOS = YES_AGGRESSIVE;
				GCC_WARN_UNUSED_FUNCTION = YES;
				GCC_WARN_UNUSED_VARIABLE = YES;
				MACOSX_DEPLOYMENT_TARGET = 10.12;
				MTL_ENABLE_DEBUG_INFO = YES;
				ONLY_ACTIVE_ARCH = YES;
				SDKROOT = macosx;
			};
			name = Debug;
		};
		8E6A8DDA1EC19B3000F170C4 /* Release */ = {
			isa = XCBuildConfiguration;
			buildSettings = {
				ALWAYS_SEARCH_USER_PATHS = NO;
				CLANG_ANALYZER_NONNULL = YES;
				CLANG_CXX_LANGUAGE_STANDARD = "gnu++0x";
				CLANG_CXX_LIBRARY = "libc++";
				CLANG_ENABLE_MODULES = YES;
				CLANG_ENABLE_OBJC_ARC = YES;
				CLANG_WARN_BOOL_CONVERSION = YES;
				CLANG_WARN_CONSTANT_CONVERSION = YES;
				CLANG_WARN_DIRECT_OBJC_ISA_USAGE = YES_ERROR;
				CLANG_WARN_DOCUMENTATION_COMMENTS = YES;
				CLANG_WARN_EMPTY_BODY = YES;
				CLANG_WARN_ENUM_CONVERSION = YES;
				CLANG_WARN_INFINITE_RECURSION = YES;
				CLANG_WARN_INT_CONVERSION = YES;
				CLANG_WARN_OBJC_ROOT_CLASS = YES_ERROR;
				CLANG_WARN_SUSPICIOUS_MOVES = YES;
				CLANG_WARN_UNREACHABLE_CODE = YES;
				CLANG_WARN__DUPLICATE_METHOD_MATCH = YES;
				CODE_SIGN_IDENTITY = "-";
				COPY_PHASE_STRIP = NO;
				DEBUG_INFORMATION_FORMAT = "dwarf-with-dsym";
				ENABLE_NS_ASSERTIONS = NO;
				ENABLE_STRICT_OBJC_MSGSEND = YES;
				GCC_C_LANGUAGE_STANDARD = gnu99;
				GCC_NO_COMMON_BLOCKS = YES;
				GCC_WARN_64_TO_32_BIT_CONVERSION = YES;
				GCC_WARN_ABOUT_RETURN_TYPE = YES_ERROR;
				GCC_WARN_UNDECLARED_SELECTOR = YES;
				GCC_WARN_UNINITIALIZED_AUTOS = YES_AGGRESSIVE;
				GCC_WARN_UNUSED_FUNCTION = YES;
				GCC_WARN_UNUSED_VARIABLE = YES;
				MACOSX_DEPLOYMENT_TARGET = 10.12;
				MTL_ENABLE_DEBUG_INFO = NO;
				SDKROOT = macosx;
			};
			name = Release;
		};
		8E6A8DDC1EC19B3000F170C4 /* Debug */ = {
			isa = XCBuildConfiguration;
			buildSettings = {
				PRODUCT_NAME = "$(TARGET_NAME)";
			};
			name = Debug;
		};
		8E6A8DDD1EC19B3000F170C4 /* Release */ = {
			isa = XCBuildConfiguration;
			buildSettings = {
				PRODUCT_NAME = "$(TARGET_NAME)";
			};
			name = Release;
		};
/* End XCBuildConfiguration section */

/* Begin XCConfigurationList section */
		8E6A8DCF1EC19B3000F170C4 /* Build configuration list for PBXProject "SaDS6_2" */ = {
			isa = XCConfigurationList;
			buildConfigurations = (
				8E6A8DD91EC19B3000F170C4 /* Debug */,
				8E6A8DDA1EC19B3000F170C4 /* Release */,
			);
			defaultConfigurationIsVisible = 0;
			defaultConfigurationName = Release;
		};
		8E6A8DDB1EC19B3000F170C4 /* Build configuration list for PBXNativeTarget "SaDS6_2" */ = {
			isa = XCConfigurationList;
			buildConfigurations = (
				8E6A8DDC1EC19B3000F170C4 /* Debug */,
				8E6A8DDD1EC19B3000F170C4 /* Release */,
			);
			defaultConfigurationIsVisible = 0;
		};
/* End XCConfigurationList section */
	};
	rootObject = 8E6A8DCC1EC19B3000F170C4 /* Project object */;
}
